{
  "name": "saas25-09",
  "version": "1.0.0",
  "lockfileVersion": 3,
  "requires": true,
  "packages": {
    "": {
      "name": "saas25-09",
      "version": "1.0.0",
      "license": "ISC",
      "dependencies": {
        "saas25-09": "file:"
      }
    },
    "node_modules/saas25-09": {
      "resolved": "",
      "link": true
    }
  }
}
